{
  "name": "my_POS",
  "lockfileVersion": 2,
  "requires": true,
  "packages": {
    "": {
      "dependencies": {
        "sweetalert2": "^11.4.33"
      }
    },
    "node_modules/sweetalert2": {
      "version": "11.4.33",
      "resolved": "https://registry.npmjs.org/sweetalert2/-/sweetalert2-11.4.33.tgz",
      "integrity": "sha512-gnXH7c7xFzs9BtmHBVH4Fl/cEKhOhf4gv6UuZpFqUoFWtwIKG5sjNkcDNYW+8v3wyFestLab5qI4i1H1MkN0Pg==",
      "funding": {
        "type": "individual",
        "url": "https://sweetalert2.github.io/#donations"
      }
    }
  },
  "dependencies": {
    "sweetalert2": {
      "version": "11.4.33",
      "resolved": "https://registry.npmjs.org/sweetalert2/-/sweetalert2-11.4.33.tgz",
      "integrity": "sha512-gnXH7c7xFzs9BtmHBVH4Fl/cEKhOhf4gv6UuZpFqUoFWtwIKG5sjNkcDNYW+8v3wyFestLab5qI4i1H1MkN0Pg=="
    }
  }
}
